// !$*UTF8*$!
{
	archiveVersion = 1;
	classes = {
	};
	objectVersion = 52;
	objects = {

/* Begin PBXBuildFile section */
		0B628177235DEE8100E35CAF /* AppDelegate.swift in Sources */ = {isa = PBXBuildFile; fileRef = 0B628176235DEE8100E35CAF /* AppDelegate.swift */; };
		0B628179235DEE8100E35CAF /* SceneDelegate.swift in Sources */ = {isa = PBXBuildFile; fileRef = 0B628178235DEE8100E35CAF /* SceneDelegate.swift */; };
		0B62817E235DEE8100E35CAF /* Main.storyboard in Resources */ = {isa = PBXBuildFile; fileRef = 0B62817C235DEE8100E35CAF /* Main.storyboard */; };
		0B628180235DEE8400E35CAF /* Assets.xcassets in Resources */ = {isa = PBXBuildFile; fileRef = 0B62817F235DEE8400E35CAF /* Assets.xcassets */; };
		0B628183235DEE8400E35CAF /* LaunchScreen.storyboard in Resources */ = {isa = PBXBuildFile; fileRef = 0B628181235DEE8400E35CAF /* LaunchScreen.storyboard */; };
		0B62818B235DF00000E35CAF /* WelcomeViewController.swift in Sources */ = {isa = PBXBuildFile; fileRef = 0B62818A235DF00000E35CAF /* WelcomeViewController.swift */; };
		0B62818D235DF00B00E35CAF /* RegisterViewController.swift in Sources */ = {isa = PBXBuildFile; fileRef = 0B62818C235DF00B00E35CAF /* RegisterViewController.swift */; };
		0B62818F235DF01000E35CAF /* LoginViewController.swift in Sources */ = {isa = PBXBuildFile; fileRef = 0B62818E235DF01000E35CAF /* LoginViewController.swift */; };
		0B628191235DF01B00E35CAF /* ChatViewController.swift in Sources */ = {isa = PBXBuildFile; fileRef = 0B628190235DF01B00E35CAF /* ChatViewController.swift */; };
		F0260A61264657A100EFB85C /* GoogleService-Info.plist in Resources */ = {isa = PBXBuildFile; fileRef = F0260A60264657A100EFB85C /* GoogleService-Info.plist */; };
		F0260A662646693F00EFB85C /* FirebaseAuth in Frameworks */ = {isa = PBXBuildFile; productRef = F0260A652646693F00EFB85C /* FirebaseAuth */; };
		F0260A682646693F00EFB85C /* FirebaseFirestore in Frameworks */ = {isa = PBXBuildFile; productRef = F0260A672646693F00EFB85C /* FirebaseFirestore */; };
		F0264D622673666F006D18D9 /* UIAlertControllerExtension.swift in Sources */ = {isa = PBXBuildFile; fileRef = F0264D612673666F006D18D9 /* UIAlertControllerExtension.swift */; };
		F0264D6A26754DC8006D18D9 /* UILabelExtension.swift in Sources */ = {isa = PBXBuildFile; fileRef = F0264D6926754DC8006D18D9 /* UILabelExtension.swift */; };
		F0264D6E2675F11E006D18D9 /* UIColorExtension.swift in Sources */ = {isa = PBXBuildFile; fileRef = F0264D6D2675F11E006D18D9 /* UIColorExtension.swift */; };
		F0264D7B2677B1D3006D18D9 /* Flash_Chat_UITests.swift in Sources */ = {isa = PBXBuildFile; fileRef = F0264D7A2677B1D3006D18D9 /* Flash_Chat_UITests.swift */; };
		F0DFA56A264686730042129B /* K.swift in Sources */ = {isa = PBXBuildFile; fileRef = F0DFA569264686730042129B /* K.swift */; };
		F0DFA56D264687EA0042129B /* Message.swift in Sources */ = {isa = PBXBuildFile; fileRef = F0DFA56C264687EA0042129B /* Message.swift */; };
		F0DFA57526468AD10042129B /* MessageCell.swift in Sources */ = {isa = PBXBuildFile; fileRef = F0DFA57326468AD10042129B /* MessageCell.swift */; };
		F0DFA57626468AD10042129B /* MessageCell.xib in Resources */ = {isa = PBXBuildFile; fileRef = F0DFA57426468AD10042129B /* MessageCell.xib */; };
		F0DFA57A2646BA740042129B /* IQKeyboardManagerSwift in Frameworks */ = {isa = PBXBuildFile; productRef = F0DFA5792646BA740042129B /* IQKeyboardManagerSwift */; };
/* End PBXBuildFile section */

/* Begin PBXContainerItemProxy section */
		F0264D7D2677B1D3006D18D9 /* PBXContainerItemProxy */ = {
			isa = PBXContainerItemProxy;
			containerPortal = 0B62816B235DEE8100E35CAF /* Project object */;
			proxyType = 1;
			remoteGlobalIDString = 0B628172235DEE8100E35CAF;
			remoteInfo = "Flash Chat";
		};
/* End PBXContainerItemProxy section */

/* Begin PBXFileReference section */
		0B628173235DEE8100E35CAF /* Flash Chat.app */ = {isa = PBXFileReference; explicitFileType = wrapper.application; includeInIndex = 0; path = "Flash Chat.app"; sourceTree = BUILT_PRODUCTS_DIR; };
		0B628176235DEE8100E35CAF /* AppDelegate.swift */ = {isa = PBXFileReference; lastKnownFileType = sourcecode.swift; path = AppDelegate.swift; sourceTree = "<group>"; };
		0B628178235DEE8100E35CAF /* SceneDelegate.swift */ = {isa = PBXFileReference; lastKnownFileType = sourcecode.swift; path = SceneDelegate.swift; sourceTree = "<group>"; };
		0B62817D235DEE8100E35CAF /* Base */ = {isa = PBXFileReference; lastKnownFileType = file.storyboard; name = Base; path = Base.lproj/Main.storyboard; sourceTree = "<group>"; };
		0B62817F235DEE8400E35CAF /* Assets.xcassets */ = {isa = PBXFileReference; lastKnownFileType = folder.assetcatalog; path = Assets.xcassets; sourceTree = "<group>"; };
		0B628182235DEE8400E35CAF /* Base */ = {isa = PBXFileReference; lastKnownFileType = file.storyboard; name = Base; path = Base.lproj/LaunchScreen.storyboard; sourceTree = "<group>"; };
		0B628184235DEE8400E35CAF /* Info.plist */ = {isa = PBXFileReference; lastKnownFileType = text.plist.xml; path = Info.plist; sourceTree = "<group>"; };
		0B62818A235DF00000E35CAF /* WelcomeViewController.swift */ = {isa = PBXFileReference; lastKnownFileType = sourcecode.swift; path = WelcomeViewController.swift; sourceTree = "<group>"; };
		0B62818C235DF00B00E35CAF /* RegisterViewController.swift */ = {isa = PBXFileReference; lastKnownFileType = sourcecode.swift; path = RegisterViewController.swift; sourceTree = "<group>"; };
		0B62818E235DF01000E35CAF /* LoginViewController.swift */ = {isa = PBXFileReference; lastKnownFileType = sourcecode.swift; path = LoginViewController.swift; sourceTree = "<group>"; };
		0B628190235DF01B00E35CAF /* ChatViewController.swift */ = {isa = PBXFileReference; lastKnownFileType = sourcecode.swift; path = ChatViewController.swift; sourceTree = "<group>"; };
		F0260A60264657A100EFB85C /* GoogleService-Info.plist */ = {isa = PBXFileReference; fileEncoding = 4; lastKnownFileType = text.plist.xml; path = "GoogleService-Info.plist"; sourceTree = "<group>"; };
		F0264D612673666F006D18D9 /* UIAlertControllerExtension.swift */ = {isa = PBXFileReference; lastKnownFileType = sourcecode.swift; path = UIAlertControllerExtension.swift; sourceTree = "<group>"; };
		F0264D6926754DC8006D18D9 /* UILabelExtension.swift */ = {isa = PBXFileReference; lastKnownFileType = sourcecode.swift; path = UILabelExtension.swift; sourceTree = "<group>"; };
		F0264D6D2675F11E006D18D9 /* UIColorExtension.swift */ = {isa = PBXFileReference; lastKnownFileType = sourcecode.swift; path = UIColorExtension.swift; sourceTree = "<group>"; };
		F0264D782677B1D3006D18D9 /* Flash Chat UITests.xctest */ = {isa = PBXFileReference; explicitFileType = wrapper.cfbundle; includeInIndex = 0; path = "Flash Chat UITests.xctest"; sourceTree = BUILT_PRODUCTS_DIR; };
		F0264D7A2677B1D3006D18D9 /* Flash_Chat_UITests.swift */ = {isa = PBXFileReference; lastKnownFileType = sourcecode.swift; path = Flash_Chat_UITests.swift; sourceTree = "<group>"; };
		F0264D7C2677B1D3006D18D9 /* Info.plist */ = {isa = PBXFileReference; lastKnownFileType = text.plist.xml; path = Info.plist; sourceTree = "<group>"; };
		F0DFA569264686730042129B /* K.swift */ = {isa = PBXFileReference; lastKnownFileType = sourcecode.swift; path = K.swift; sourceTree = "<group>"; };
		F0DFA56C264687EA0042129B /* Message.swift */ = {isa = PBXFileReference; lastKnownFileType = sourcecode.swift; name = Message.swift; path = "Flash Chat iOS13/Message.swift"; sourceTree = SOURCE_ROOT; };
		F0DFA57326468AD10042129B /* MessageCell.swift */ = {isa = PBXFileReference; lastKnownFileType = sourcecode.swift; path = MessageCell.swift; sourceTree = "<group>"; };
		F0DFA57426468AD10042129B /* MessageCell.xib */ = {isa = PBXFileReference; lastKnownFileType = file.xib; path = MessageCell.xib; sourceTree = "<group>"; };
/* End PBXFileReference section */

/* Begin PBXFrameworksBuildPhase section */
		0B628170235DEE8100E35CAF /* Frameworks */ = {
			isa = PBXFrameworksBuildPhase;
			buildActionMask = 2147483647;
			files = (
				F0260A662646693F00EFB85C /* FirebaseAuth in Frameworks */,
				F0260A682646693F00EFB85C /* FirebaseFirestore in Frameworks */,
				F0DFA57A2646BA740042129B /* IQKeyboardManagerSwift in Frameworks */,
			);
			runOnlyForDeploymentPostprocessing = 0;
		};
		F0264D752677B1D3006D18D9 /* Frameworks */ = {
			isa = PBXFrameworksBuildPhase;
			buildActionMask = 2147483647;
			files = (
			);
			runOnlyForDeploymentPostprocessing = 0;
		};
/* End PBXFrameworksBuildPhase section */

/* Begin PBXGroup section */
		0B62816A235DEE8100E35CAF = {
			isa = PBXGroup;
			children = (
				0B628175235DEE8100E35CAF /* Flash Chat iOS13 */,
				F0264D792677B1D3006D18D9 /* Flash Chat UITests */,
				0B628174235DEE8100E35CAF /* Products */,
			);
			sourceTree = "<group>";
		};
		0B628174235DEE8100E35CAF /* Products */ = {
			isa = PBXGroup;
			children = (
				0B628173235DEE8100E35CAF /* Flash Chat.app */,
				F0264D782677B1D3006D18D9 /* Flash Chat UITests.xctest */,
			);
			name = Products;
			sourceTree = "<group>";
		};
		0B628175235DEE8100E35CAF /* Flash Chat iOS13 */ = {
			isa = PBXGroup;
			children = (
				F0264D602673665F006D18D9 /* Helpers */,
				F0DFA57F2646C5AE0042129B /* Supporting Files */,
				F0DFA57E2646C5650042129B /* Constants */,
				0B628194235DF03A00E35CAF /* Models */,
				0B628193235DF03400E35CAF /* Views */,
				0B628192235DF02000E35CAF /* Controllers */,
			);
			path = "Flash Chat iOS13";
			sourceTree = "<group>";
		};
		0B628192235DF02000E35CAF /* Controllers */ = {
			isa = PBXGroup;
			children = (
				0B62818A235DF00000E35CAF /* WelcomeViewController.swift */,
				0B62818C235DF00B00E35CAF /* RegisterViewController.swift */,
				0B62818E235DF01000E35CAF /* LoginViewController.swift */,
				0B628190235DF01B00E35CAF /* ChatViewController.swift */,
			);
			path = Controllers;
			sourceTree = "<group>";
		};
		0B628193235DF03400E35CAF /* Views */ = {
			isa = PBXGroup;
			children = (
				0B628181235DEE8400E35CAF /* LaunchScreen.storyboard */,
				0B62817C235DEE8100E35CAF /* Main.storyboard */,
				F0DFA57326468AD10042129B /* MessageCell.swift */,
				F0DFA57426468AD10042129B /* MessageCell.xib */,
			);
			path = Views;
			sourceTree = "<group>";
		};
		0B628194235DF03A00E35CAF /* Models */ = {
			isa = PBXGroup;
			children = (
				F0DFA56C264687EA0042129B /* Message.swift */,
			);
			path = Models;
			sourceTree = "<group>";
		};
		F0264D602673665F006D18D9 /* Helpers */ = {
			isa = PBXGroup;
			children = (
				F0264D612673666F006D18D9 /* UIAlertControllerExtension.swift */,
				F0264D6926754DC8006D18D9 /* UILabelExtension.swift */,
				F0264D6D2675F11E006D18D9 /* UIColorExtension.swift */,
			);
			path = Helpers;
			sourceTree = "<group>";
		};
		F0264D792677B1D3006D18D9 /* Flash Chat UITests */ = {
			isa = PBXGroup;
			children = (
				F0264D7A2677B1D3006D18D9 /* Flash_Chat_UITests.swift */,
				F0264D7C2677B1D3006D18D9 /* Info.plist */,
			);
			path = "Flash Chat UITests";
			sourceTree = "<group>";
		};
		F0DFA57E2646C5650042129B /* Constants */ = {
			isa = PBXGroup;
			children = (
				F0DFA569264686730042129B /* K.swift */,
			);
			path = Constants;
			sourceTree = "<group>";
		};
		F0DFA57F2646C5AE0042129B /* Supporting Files */ = {
			isa = PBXGroup;
			children = (
				0B628176235DEE8100E35CAF /* AppDelegate.swift */,
				0B628178235DEE8100E35CAF /* SceneDelegate.swift */,
				0B62817F235DEE8400E35CAF /* Assets.xcassets */,
				0B628184235DEE8400E35CAF /* Info.plist */,
				F0260A60264657A100EFB85C /* GoogleService-Info.plist */,
			);
			path = "Supporting Files";
			sourceTree = "<group>";
		};
/* End PBXGroup section */

/* Begin PBXNativeTarget section */
		0B628172235DEE8100E35CAF /* Flash Chat */ = {
			isa = PBXNativeTarget;
			buildConfigurationList = 0B628187235DEE8400E35CAF /* Build configuration list for PBXNativeTarget "Flash Chat" */;
			buildPhases = (
				0B62816F235DEE8100E35CAF /* Sources */,
				0B628170235DEE8100E35CAF /* Frameworks */,
				0B628171235DEE8100E35CAF /* Resources */,
			);
			buildRules = (
			);
			dependencies = (
			);
			name = "Flash Chat";
			packageProductDependencies = (
				F0260A652646693F00EFB85C /* FirebaseAuth */,
				F0260A672646693F00EFB85C /* FirebaseFirestore */,
				F0DFA5792646BA740042129B /* IQKeyboardManagerSwift */,
			);
			productName = "Flash Chat iOS13";
			productReference = 0B628173235DEE8100E35CAF /* Flash Chat.app */;
			productType = "com.apple.product-type.application";
		};
		F0264D772677B1D3006D18D9 /* Flash Chat UITests */ = {
			isa = PBXNativeTarget;
			buildConfigurationList = F0264D7F2677B1D3006D18D9 /* Build configuration list for PBXNativeTarget "Flash Chat UITests" */;
			buildPhases = (
				F0264D742677B1D3006D18D9 /* Sources */,
				F0264D752677B1D3006D18D9 /* Frameworks */,
				F0264D762677B1D3006D18D9 /* Resources */,
			);
			buildRules = (
			);
			dependencies = (
				F0264D7E2677B1D3006D18D9 /* PBXTargetDependency */,
			);
			name = "Flash Chat UITests";
			productName = "Flash Chat UITests";
			productReference = F0264D782677B1D3006D18D9 /* Flash Chat UITests.xctest */;
			productType = "com.apple.product-type.bundle.ui-testing";
		};
/* End PBXNativeTarget section */

/* Begin PBXProject section */
		0B62816B235DEE8100E35CAF /* Project object */ = {
			isa = PBXProject;
			attributes = {
				LastSwiftUpdateCheck = 1240;
				LastUpgradeCheck = 1240;
				ORGANIZATIONNAME = "Arman Abkar";
				TargetAttributes = {
					0B628172235DEE8100E35CAF = {
						CreatedOnToolsVersion = 11.1;
					};
					F0264D772677B1D3006D18D9 = {
						CreatedOnToolsVersion = 12.4;
						TestTargetID = 0B628172235DEE8100E35CAF;
					};
				};
			};
			buildConfigurationList = 0B62816E235DEE8100E35CAF /* Build configuration list for PBXProject "Flash Chat" */;
			compatibilityVersion = "Xcode 9.3";
			developmentRegion = en;
			hasScannedForEncodings = 0;
			knownRegions = (
				en,
				Base,
			);
			mainGroup = 0B62816A235DEE8100E35CAF;
			packageReferences = (
				F0260A642646693F00EFB85C /* XCRemoteSwiftPackageReference "firebase-ios-sdk" */,
				F0DFA5782646BA740042129B /* XCRemoteSwiftPackageReference "IQKeyboardManager" */,
			);
			productRefGroup = 0B628174235DEE8100E35CAF /* Products */;
			projectDirPath = "";
			projectRoot = "";
			targets = (
				0B628172235DEE8100E35CAF /* Flash Chat */,
				F0264D772677B1D3006D18D9 /* Flash Chat UITests */,
			);
		};
/* End PBXProject section */

/* Begin PBXResourcesBuildPhase section */
		0B628171235DEE8100E35CAF /* Resources */ = {
			isa = PBXResourcesBuildPhase;
			buildActionMask = 2147483647;
			files = (
				F0DFA57626468AD10042129B /* MessageCell.xib in Resources */,
				0B628183235DEE8400E35CAF /* LaunchScreen.storyboard in Resources */,
				F0260A61264657A100EFB85C /* GoogleService-Info.plist in Resources */,
				0B628180235DEE8400E35CAF /* Assets.xcassets in Resources */,
				0B62817E235DEE8100E35CAF /* Main.storyboard in Resources */,
			);
			runOnlyForDeploymentPostprocessing = 0;
		};
		F0264D762677B1D3006D18D9 /* Resources */ = {
			isa = PBXResourcesBuildPhase;
			buildActionMask = 2147483647;
			files = (
			);
			runOnlyForDeploymentPostprocessing = 0;
		};
/* End PBXResourcesBuildPhase section */

/* Begin PBXSourcesBuildPhase section */
		0B62816F235DEE8100E35CAF /* Sources */ = {
			isa = PBXSourcesBuildPhase;
			buildActionMask = 2147483647;
			files = (
				0B62818B235DF00000E35CAF /* WelcomeViewController.swift in Sources */,
				0B628177235DEE8100E35CAF /* AppDelegate.swift in Sources */,
				0B628179235DEE8100E35CAF /* SceneDelegate.swift in Sources */,
				0B62818F235DF01000E35CAF /* LoginViewController.swift in Sources */,
				F0DFA56A264686730042129B /* K.swift in Sources */,
				F0DFA56D264687EA0042129B /* Message.swift in Sources */,
				F0264D622673666F006D18D9 /* UIAlertControllerExtension.swift in Sources */,
				0B628191235DF01B00E35CAF /* ChatViewController.swift in Sources */,
				0B62818D235DF00B00E35CAF /* RegisterViewController.swift in Sources */,
				F0264D6A26754DC8006D18D9 /* UILabelExtension.swift in Sources */,
				F0DFA57526468AD10042129B /* MessageCell.swift in Sources */,
				F0264D6E2675F11E006D18D9 /* UIColorExtension.swift in Sources */,
			);
			runOnlyForDeploymentPostprocessing = 0;
		};
		F0264D742677B1D3006D18D9 /* Sources */ = {
			isa = PBXSourcesBuildPhase;
			buildActionMask = 2147483647;
			files = (
				F0264D7B2677B1D3006D18D9 /* Flash_Chat_UITests.swift in Sources */,
			);
			runOnlyForDeploymentPostprocessing = 0;
		};
/* End PBXSourcesBuildPhase section */

/* Begin PBXTargetDependency section */
		F0264D7E2677B1D3006D18D9 /* PBXTargetDependency */ = {
			isa = PBXTargetDependency;
			target = 0B628172235DEE8100E35CAF /* Flash Chat */;
			targetProxy = F0264D7D2677B1D3006D18D9 /* PBXContainerItemProxy */;
		};
/* End PBXTargetDependency section */

/* Begin PBXVariantGroup section */
		0B62817C235DEE8100E35CAF /* Main.storyboard */ = {
			isa = PBXVariantGroup;
			children = (
				0B62817D235DEE8100E35CAF /* Base */,
			);
			name = Main.storyboard;
			sourceTree = "<group>";
		};
		0B628181235DEE8400E35CAF /* LaunchScreen.storyboard */ = {
			isa = PBXVariantGroup;
			children = (
				0B628182235DEE8400E35CAF /* Base */,
			);
			name = LaunchScreen.storyboard;
			sourceTree = "<group>";
		};
/* End PBXVariantGroup section */

/* Begin XCBuildConfiguration section */
		0B628185235DEE8400E35CAF /* Debug */ = {
			isa = XCBuildConfiguration;
			buildSettings = {
				ALWAYS_SEARCH_USER_PATHS = NO;
				CLANG_ANALYZER_NONNULL = YES;
				CLANG_ANALYZER_NUMBER_OBJECT_CONVERSION = YES_AGGRESSIVE;
				CLANG_CXX_LANGUAGE_STANDARD = "gnu++14";
				CLANG_CXX_LIBRARY = "libc++";
				CLANG_ENABLE_MODULES = YES;
				CLANG_ENABLE_OBJC_ARC = YES;
				CLANG_ENABLE_OBJC_WEAK = YES;
				CLANG_WARN_BLOCK_CAPTURE_AUTORELEASING = YES;
				CLANG_WARN_BOOL_CONVERSION = YES;
				CLANG_WARN_COMMA = YES;
				CLANG_WARN_CONSTANT_CONVERSION = YES;
				CLANG_WARN_DEPRECATED_OBJC_IMPLEMENTATIONS = YES;
				CLANG_WARN_DIRECT_OBJC_ISA_USAGE = YES_ERROR;
				CLANG_WARN_DOCUMENTATION_COMMENTS = YES;
				CLANG_WARN_EMPTY_BODY = YES;
				CLANG_WARN_ENUM_CONVERSION = YES;
				CLANG_WARN_INFINITE_RECURSION = YES;
				CLANG_WARN_INT_CONVERSION = YES;
				CLANG_WARN_NON_LITERAL_NULL_CONVERSION = YES;
				CLANG_WARN_OBJC_IMPLICIT_RETAIN_SELF = YES;
				CLANG_WARN_OBJC_LITERAL_CONVERSION = YES;
				CLANG_WARN_OBJC_ROOT_CLASS = YES_ERROR;
				CLANG_WARN_QUOTED_INCLUDE_IN_FRAMEWORK_HEADER = YES;
				CLANG_WARN_RANGE_LOOP_ANALYSIS = YES;
				CLANG_WARN_STRICT_PROTOTYPES = YES;
				CLANG_WARN_SUSPICIOUS_MOVE = YES;
				CLANG_WARN_UNGUARDED_AVAILABILITY = YES_AGGRESSIVE;
				CLANG_WARN_UNREACHABLE_CODE = YES;
				CLANG_WARN__DUPLICATE_METHOD_MATCH = YES;
				COPY_PHASE_STRIP = NO;
				DEBUG_INFORMATION_FORMAT = dwarf;
				ENABLE_STRICT_OBJC_MSGSEND = YES;
				ENABLE_TESTABILITY = YES;
				GCC_C_LANGUAGE_STANDARD = gnu11;
				GCC_DYNAMIC_NO_PIC = NO;
				GCC_NO_COMMON_BLOCKS = YES;
				GCC_OPTIMIZATION_LEVEL = 0;
				GCC_PREPROCESSOR_DEFINITIONS = (
					"DEBUG=1",
					"$(inherited)",
				);
				GCC_WARN_64_TO_32_BIT_CONVERSION = YES;
				GCC_WARN_ABOUT_RETURN_TYPE = YES_ERROR;
				GCC_WARN_UNDECLARED_SELECTOR = YES;
				GCC_WARN_UNINITIALIZED_AUTOS = YES_AGGRESSIVE;
				GCC_WARN_UNUSED_FUNCTION = YES;
				GCC_WARN_UNUSED_VARIABLE = YES;
				IPHONEOS_DEPLOYMENT_TARGET = 13.0;
				MTL_ENABLE_DEBUG_INFO = INCLUDE_SOURCE;
				MTL_FAST_MATH = YES;
				ONLY_ACTIVE_ARCH = YES;
				SDKROOT = iphoneos;
				SWIFT_ACTIVE_COMPILATION_CONDITIONS = DEBUG;
				SWIFT_OPTIMIZATION_LEVEL = "-Onone";
			};
			name = Debug;
		};
		0B628186235DEE8400E35CAF /* Release */ = {
			isa = XCBuildConfiguration;
			buildSettings = {
				ALWAYS_SEARCH_USER_PATHS = NO;
				CLANG_ANALYZER_NONNULL = YES;
				CLANG_ANALYZER_NUMBER_OBJECT_CONVERSION = YES_AGGRESSIVE;
				CLANG_CXX_LANGUAGE_STANDARD = "gnu++14";
				CLANG_CXX_LIBRARY = "libc++";
				CLANG_ENABLE_MODULES = YES;
				CLANG_ENABLE_OBJC_ARC = YES;
				CLANG_ENABLE_OBJC_WEAK = YES;
				CLANG_WARN_BLOCK_CAPTURE_AUTORELEASING = YES;
				CLANG_WARN_BOOL_CONVERSION = YES;
				CLANG_WARN_COMMA = YES;
				CLANG_WARN_CONSTANT_CONVERSION = YES;
				CLANG_WARN_DEPRECATED_OBJC_IMPLEMENTATIONS = YES;
				CLANG_WARN_DIRECT_OBJC_ISA_USAGE = YES_ERROR;
				CLANG_WARN_DOCUMENTATION_COMMENTS = YES;
				CLANG_WARN_EMPTY_BODY = YES;
				CLANG_WARN_ENUM_CONVERSION = YES;
				CLANG_WARN_INFINITE_RECURSION = YES;
				CLANG_WARN_INT_CONVERSION = YES;
				CLANG_WARN_NON_LITERAL_NULL_CONVERSION = YES;
				CLANG_WARN_OBJC_IMPLICIT_RETAIN_SELF = YES;
				CLANG_WARN_OBJC_LITERAL_CONVERSION = YES;
				CLANG_WARN_OBJC_ROOT_CLASS = YES_ERROR;
				CLANG_WARN_QUOTED_INCLUDE_IN_FRAMEWORK_HEADER = YES;
				CLANG_WARN_RANGE_LOOP_ANALYSIS = YES;
				CLANG_WARN_STRICT_PROTOTYPES = YES;
				CLANG_WARN_SUSPICIOUS_MOVE = YES;
				CLANG_WARN_UNGUARDED_AVAILABILITY = YES_AGGRESSIVE;
				CLANG_WARN_UNREACHABLE_CODE = YES;
				CLANG_WARN__DUPLICATE_METHOD_MATCH = YES;
				COPY_PHASE_STRIP = NO;
				DEBUG_INFORMATION_FORMAT = "dwarf-with-dsym";
				ENABLE_NS_ASSERTIONS = NO;
				ENABLE_STRICT_OBJC_MSGSEND = YES;
				GCC_C_LANGUAGE_STANDARD = gnu11;
				GCC_NO_COMMON_BLOCKS = YES;
				GCC_WARN_64_TO_32_BIT_CONVERSION = YES;
				GCC_WARN_ABOUT_RETURN_TYPE = YES_ERROR;
				GCC_WARN_UNDECLARED_SELECTOR = YES;
				GCC_WARN_UNINITIALIZED_AUTOS = YES_AGGRESSIVE;
				GCC_WARN_UNUSED_FUNCTION = YES;
				GCC_WARN_UNUSED_VARIABLE = YES;
				IPHONEOS_DEPLOYMENT_TARGET = 13.0;
				MTL_ENABLE_DEBUG_INFO = NO;
				MTL_FAST_MATH = YES;
				SDKROOT = iphoneos;
				SWIFT_COMPILATION_MODE = wholemodule;
				SWIFT_OPTIMIZATION_LEVEL = "-O";
				VALIDATE_PRODUCT = YES;
			};
			name = Release;
		};
		0B628188235DEE8400E35CAF /* Debug */ = {
			isa = XCBuildConfiguration;
			buildSettings = {
				ASSETCATALOG_COMPILER_APPICON_NAME = AppIcon;
				CODE_SIGN_STYLE = Automatic;
				DEVELOPMENT_TEAM = 3ECFYJZ64T;
				INFOPLIST_FILE = "Flash Chat iOS13/Supporting Files/Info.plist";
				LD_RUNPATH_SEARCH_PATHS = (
					"$(inherited)",
					"@executable_path/Frameworks",
				);
				MARKETING_VERSION = 2.0;
				PRODUCT_BUNDLE_IDENTIFIER = co.armanabkar.FlashChat;
				PRODUCT_NAME = "$(TARGET_NAME)";
				SWIFT_VERSION = 5.0;
				TARGETED_DEVICE_FAMILY = 1;
			};
			name = Debug;
		};
		0B628189235DEE8400E35CAF /* Release */ = {
			isa = XCBuildConfiguration;
			buildSettings = {
				ASSETCATALOG_COMPILER_APPICON_NAME = AppIcon;
				CODE_SIGN_STYLE = Automatic;
				DEVELOPMENT_TEAM = 3ECFYJZ64T;
				INFOPLIST_FILE = "Flash Chat iOS13/Supporting Files/Info.plist";
				LD_RUNPATH_SEARCH_PATHS = (
					"$(inherited)",
					"@executable_path/Frameworks",
				);
				MARKETING_VERSION = 2.0;
				PRODUCT_BUNDLE_IDENTIFIER = co.armanabkar.FlashChat;
				PRODUCT_NAME = "$(TARGET_NAME)";
				SWIFT_VERSION = 5.0;
				TARGETED_DEVICE_FAMILY = 1;
			};
			name = Release;
		};
		F0264D802677B1D3006D18D9 /* Debug */ = {
			isa = XCBuildConfiguration;
			buildSettings = {
				CODE_SIGN_STYLE = Automatic;
				DEVELOPMENT_TEAM = QMW26WR72K;
				INFOPLIST_FILE = "Flash Chat UITests/Info.plist";
				IPHONEOS_DEPLOYMENT_TARGET = 14.4;
				LD_RUNPATH_SEARCH_PATHS = (
					"$(inherited)",
					"@executable_path/Frameworks",
					"@loader_path/Frameworks",
				);
				PRODUCT_BUNDLE_IDENTIFIER = "co.armanabkar.Flash-Chat-UITests";
				PRODUCT_NAME = "$(TARGET_NAME)";
				SWIFT_VERSION = 5.0;
				TARGETED_DEVICE_FAMILY = "1,2";
				TEST_TARGET_NAME = "Flash Chat";
			};
			name = Debug;
		};
		F0264D812677B1D3006D18D9 /* Release */ = {
			isa = XCBuildConfiguration;
			buildSettings = {
				CODE_SIGN_STYLE = Automatic;
				DEVELOPMENT_TEAM = QMW26WR72K;
				INFOPLIST_FILE = "Flash Chat UITests/Info.plist";
				IPHONEOS_DEPLOYMENT_TARGET = 14.4;
				LD_RUNPATH_SEARCH_PATHS = (
					"$(inherited)",
					"@executable_path/Frameworks",
					"@loader_path/Frameworks",
				);
				PRODUCT_BUNDLE_IDENTIFIER = "co.armanabkar.Flash-Chat-UITests";
				PRODUCT_NAME = "$(TARGET_NAME)";
				SWIFT_VERSION = 5.0;
				TARGETED_DEVICE_FAMILY = "1,2";
				TEST_TARGET_NAME = "Flash Chat";
			};
			name = Release;
		};
/* End XCBuildConfiguration section */

/* Begin XCConfigurationList section */
		0B62816E235DEE8100E35CAF /* Build configuration list for PBXProject "Flash Chat" */ = {
			isa = XCConfigurationList;
			buildConfigurations = (
				0B628185235DEE8400E35CAF /* Debug */,
				0B628186235DEE8400E35CAF /* Release */,
			);
			defaultConfigurationIsVisible = 0;
			defaultConfigurationName = Release;
		};
		0B628187235DEE8400E35CAF /* Build configuration list for PBXNativeTarget "Flash Chat" */ = {
			isa = XCConfigurationList;
			buildConfigurations = (
				0B628188235DEE8400E35CAF /* Debug */,
				0B628189235DEE8400E35CAF /* Release */,
			);
			defaultConfigurationIsVisible = 0;
			defaultConfigurationName = Release;
		};
		F0264D7F2677B1D3006D18D9 /* Build configuration list for PBXNativeTarget "Flash Chat UITests" */ = {
			isa = XCConfigurationList;
			buildConfigurations = (
				F0264D802677B1D3006D18D9 /* Debug */,
				F0264D812677B1D3006D18D9 /* Release */,
			);
			defaultConfigurationIsVisible = 0;
			defaultConfigurationName = Release;
		};
/* End XCConfigurationList section */

/* Begin XCRemoteSwiftPackageReference section */
		F0260A642646693F00EFB85C /* XCRemoteSwiftPackageReference "firebase-ios-sdk" */ = {
			isa = XCRemoteSwiftPackageReference;
			repositoryURL = "https://github.com/firebase/firebase-ios-sdk.git";
			requirement = {
				kind = upToNextMajorVersion;
				minimumVersion = 7.11.1;
			};
		};
		F0DFA5782646BA740042129B /* XCRemoteSwiftPackageReference "IQKeyboardManager" */ = {
			isa = XCRemoteSwiftPackageReference;
			repositoryURL = "https://github.com/hackiftekhar/IQKeyboardManager";
			requirement = {
				kind = upToNextMajorVersion;
				minimumVersion = 6.5.6;
			};
		};
/* End XCRemoteSwiftPackageReference section */

/* Begin XCSwiftPackageProductDependency section */
		F0260A652646693F00EFB85C /* FirebaseAuth */ = {
			isa = XCSwiftPackageProductDependency;
			package = F0260A642646693F00EFB85C /* XCRemoteSwiftPackageReference "firebase-ios-sdk" */;
			productName = FirebaseAuth;
		};
		F0260A672646693F00EFB85C /* FirebaseFirestore */ = {
			isa = XCSwiftPackageProductDependency;
			package = F0260A642646693F00EFB85C /* XCRemoteSwiftPackageReference "firebase-ios-sdk" */;
			productName = FirebaseFirestore;
		};
		F0DFA5792646BA740042129B /* IQKeyboardManagerSwift */ = {
			isa = XCSwiftPackageProductDependency;
			package = F0DFA5782646BA740042129B /* XCRemoteSwiftPackageReference "IQKeyboardManager" */;
			productName = IQKeyboardManagerSwift;
		};
/* End XCSwiftPackageProductDependency section */
	};
	rootObject = 0B62816B235DEE8100E35CAF /* Project object */;
}
